
Microsoft Visual Studio Solution File, Format Version 12.00
# Visual Studio Version 16
VisualStudioVersion = 16.0.34729.46
MinimumVisualStudioVersion = 10.0.40219.1
Project("{FAE04EC0-301F-11D3-BF4B-00C04F79EFBC}") = "AryarajsinhHarma_0516", "AryarajsinhHarma_0516\AryarajsinhHarma_0516.csproj", "{4E722BCB-AC08-44FB-BACC-EAAF88F3EC8B}"
EndProject
Project("{FAE04EC0-301F-11D3-BF4B-00C04F79EFBC}") = "AryarajsinhHarma_0516_Models", "AryarajsinhHarma_0516_Models\AryarajsinhHarma_0516_Models.csproj", "{FF80495C-7328-441F-99B9-388D1A0BC31A}"
EndProject
Project("{FAE04EC0-301F-11D3-BF4B-00C04F79EFBC}") = "AryarajsinhHarma_0516_Repository", "AryarajsinhHarma_0516_Repository\AryarajsinhHarma_0516_Repository.csproj", "{BBE5F91A-DD3B-4C97-9A20-C588D0A0F565}"
EndProject
Project("{FAE04EC0-301F-11D3-BF4B-00C04F79EFBC}") = "AryarajsinhHarma_0516_Helpers", "AryarajsinhHarma_0516_Helpers\AryarajsinhHarma_0516_Helpers.csproj", "{67F78A18-2D9C-4C55-8C63-182AF361137F}"
EndProject
Project("{FAE04EC0-301F-11D3-BF4B-00C04F79EFBC}") = "AryarajsinhHarma_0516_Api", "AryarajsinhHarma_0516_Api\AryarajsinhHarma_0516_Api.csproj", "{FA8816A9-7356-45DF-93AB-070AD1645279}"
EndProject
Global
	GlobalSection(SolutionConfigurationPlatforms) = preSolution
		Debug|Any CPU = Debug|Any CPU
		Release|Any CPU = Release|Any CPU
	EndGlobalSection
	GlobalSection(ProjectConfigurationPlatforms) = postSolution
		{4E722BCB-AC08-44FB-BACC-EAAF88F3EC8B}.Debug|Any CPU.ActiveCfg = Debug|Any CPU
		{4E722BCB-AC08-44FB-BACC-EAAF88F3EC8B}.Debug|Any CPU.Build.0 = Debug|Any CPU
		{4E722BCB-AC08-44FB-BACC-EAAF88F3EC8B}.Release|Any CPU.ActiveCfg = Release|Any CPU
		{4E722BCB-AC08-44FB-BACC-EAAF88F3EC8B}.Release|Any CPU.Build.0 = Release|Any CPU
		{FF80495C-7328-441F-99B9-388D1A0BC31A}.Debug|Any CPU.ActiveCfg = Debug|Any CPU
		{FF80495C-7328-441F-99B9-388D1A0BC31A}.Debug|Any CPU.Build.0 = Debug|Any CPU
		{FF80495C-7328-441F-99B9-388D1A0BC31A}.Release|Any CPU.ActiveCfg = Release|Any CPU
		{FF80495C-7328-441F-99B9-388D1A0BC31A}.Release|Any CPU.Build.0 = Release|Any CPU
		{BBE5F91A-DD3B-4C97-9A20-C588D0A0F565}.Debug|Any CPU.ActiveCfg = Debug|Any CPU
		{BBE5F91A-DD3B-4C97-9A20-C588D0A0F565}.Debug|Any CPU.Build.0 = Debug|Any CPU
		{BBE5F91A-DD3B-4C97-9A20-C588D0A0F565}.Release|Any CPU.ActiveCfg = Release|Any CPU
		{BBE5F91A-DD3B-4C97-9A20-C588D0A0F565}.Release|Any CPU.Build.0 = Release|Any CPU
		{67F78A18-2D9C-4C55-8C63-182AF361137F}.Debug|Any CPU.ActiveCfg = Debug|Any CPU
		{67F78A18-2D9C-4C55-8C63-182AF361137F}.Debug|Any CPU.Build.0 = Debug|Any CPU
		{67F78A18-2D9C-4C55-8C63-182AF361137F}.Release|Any CPU.ActiveCfg = Release|Any CPU
		{67F78A18-2D9C-4C55-8C63-182AF361137F}.Release|Any CPU.Build.0 = Release|Any CPU
		{FA8816A9-7356-45DF-93AB-070AD1645279}.Debug|Any CPU.ActiveCfg = Debug|Any CPU
		{FA8816A9-7356-45DF-93AB-070AD1645279}.Debug|Any CPU.Build.0 = Debug|Any CPU
		{FA8816A9-7356-45DF-93AB-070AD1645279}.Release|Any CPU.ActiveCfg = Release|Any CPU
		{FA8816A9-7356-45DF-93AB-070AD1645279}.Release|Any CPU.Build.0 = Release|Any CPU
	EndGlobalSection
	GlobalSection(SolutionProperties) = preSolution
		HideSolutionNode = FALSE
	EndGlobalSection
	GlobalSection(ExtensibilityGlobals) = postSolution
		SolutionGuid = {883E70C0-BA97-4488-8262-9123CE6F6B89}
	EndGlobalSection
EndGlobal
